
Microsoft Visual Studio Solution File, Format Version 12.00
# Visual Studio 15
VisualStudioVersion = 15.0.26430.6
MinimumVisualStudioVersion = 10.0.40219.1
Project("{FAE04EC0-301F-11D3-BF4B-00C04F79EFBC}") = "AppHello.Android", "AppHello\AppHello.Android\AppHello.Android.csproj", "{A3CA3FBB-4220-4BFA-97C3-B68356BE6A43}"
EndProject
Project("{FAE04EC0-301F-11D3-BF4B-00C04F79EFBC}") = "AppHello", "AppHello\AppHello\AppHello.csproj", "{6F40ADAA-A1DB-48B1-854C-BC7053C80EDA}"
EndProject
Project("{FAE04EC0-301F-11D3-BF4B-00C04F79EFBC}") = "AppHello.iOS", "AppHello\AppHello.iOS\AppHello.iOS.csproj", "{F3DEB5E8-F68B-4BCB-9219-172D0A3EBC1F}"
EndProject
Global
	GlobalSection(SolutionConfigurationPlatforms) = preSolution
		Ad-Hoc|Any CPU = Ad-Hoc|Any CPU
		Ad-Hoc|ARM = Ad-Hoc|ARM
		Ad-Hoc|iPhone = Ad-Hoc|iPhone
		Ad-Hoc|iPhoneSimulator = Ad-Hoc|iPhoneSimulator
		Ad-Hoc|x64 = Ad-Hoc|x64
		Ad-Hoc|x86 = Ad-Hoc|x86
		AppStore|Any CPU = AppStore|Any CPU
		AppStore|ARM = AppStore|ARM
		AppStore|iPhone = AppStore|iPhone
		AppStore|iPhoneSimulator = AppStore|iPhoneSimulator
		AppStore|x64 = AppStore|x64
		AppStore|x86 = AppStore|x86
		Debug|Any CPU = Debug|Any CPU
		Debug|ARM = Debug|ARM
		Debug|iPhone = Debug|iPhone
		Debug|iPhoneSimulator = Debug|iPhoneSimulator
		Debug|x64 = Debug|x64
		Debug|x86 = Debug|x86
		Release|Any CPU = Release|Any CPU
		Release|ARM = Release|ARM
		Release|iPhone = Release|iPhone
		Release|iPhoneSimulator = Release|iPhoneSimulator
		Release|x64 = Release|x64
		Release|x86 = Release|x86
	EndGlobalSection
	GlobalSection(ProjectConfigurationPlatforms) = postSolution
		{A3CA3FBB-4220-4BFA-97C3-B68356BE6A43}.Ad-Hoc|Any CPU.ActiveCfg = Release|Any CPU
		{A3CA3FBB-4220-4BFA-97C3-B68356BE6A43}.Ad-Hoc|Any CPU.Build.0 = Release|Any CPU
		{A3CA3FBB-4220-4BFA-97C3-B68356BE6A43}.Ad-Hoc|Any CPU.Deploy.0 = Release|Any CPU
		{A3CA3FBB-4220-4BFA-97C3-B68356BE6A43}.Ad-Hoc|ARM.ActiveCfg = Release|Any CPU
		{A3CA3FBB-4220-4BFA-97C3-B68356BE6A43}.Ad-Hoc|ARM.Build.0 = Release|Any CPU
		{A3CA3FBB-4220-4BFA-97C3-B68356BE6A43}.Ad-Hoc|ARM.Deploy.0 = Release|Any CPU
		{A3CA3FBB-4220-4BFA-97C3-B68356BE6A43}.Ad-Hoc|iPhone.ActiveCfg = Release|Any CPU
		{A3CA3FBB-4220-4BFA-97C3-B68356BE6A43}.Ad-Hoc|iPhone.Build.0 = Release|Any CPU
		{A3CA3FBB-4220-4BFA-97C3-B68356BE6A43}.Ad-Hoc|iPhone.Deploy.0 = Release|Any CPU
		{A3CA3FBB-4220-4BFA-97C3-B68356BE6A43}.Ad-Hoc|iPhoneSimulator.ActiveCfg = Release|Any CPU
		{A3CA3FBB-4220-4BFA-97C3-B68356BE6A43}.Ad-Hoc|iPhoneSimulator.Build.0 = Release|Any CPU
		{A3CA3FBB-4220-4BFA-97C3-B68356BE6A43}.Ad-Hoc|iPhoneSimulator.Deploy.0 = Release|Any CPU
		{A3CA3FBB-4220-4BFA-97C3-B68356BE6A43}.Ad-Hoc|x64.ActiveCfg = Release|Any CPU
		{A3CA3FBB-4220-4BFA-97C3-B68356BE6A43}.Ad-Hoc|x64.Build.0 = Release|Any CPU
		{A3CA3FBB-4220-4BFA-97C3-B68356BE6A43}.Ad-Hoc|x64.Deploy.0 = Release|Any CPU
		{A3CA3FBB-4220-4BFA-97C3-B68356BE6A43}.Ad-Hoc|x86.ActiveCfg = Release|Any CPU
		{A3CA3FBB-4220-4BFA-97C3-B68356BE6A43}.Ad-Hoc|x86.Build.0 = Release|Any CPU
		{A3CA3FBB-4220-4BFA-97C3-B68356BE6A43}.Ad-Hoc|x86.Deploy.0 = Release|Any CPU
		{A3CA3FBB-4220-4BFA-97C3-B68356BE6A43}.AppStore|Any CPU.ActiveCfg = Release|Any CPU
		{A3CA3FBB-4220-4BFA-97C3-B68356BE6A43}.AppStore|Any CPU.Build.0 = Release|Any CPU
		{A3CA3FBB-4220-4BFA-97C3-B68356BE6A43}.AppStore|Any CPU.Deploy.0 = Release|Any CPU
		{A3CA3FBB-4220-4BFA-97C3-B68356BE6A43}.AppStore|ARM.ActiveCfg = Release|Any CPU
		{A3CA3FBB-4220-4BFA-97C3-B68356BE6A43}.AppStore|ARM.Build.0 = Release|Any CPU
		{A3CA3FBB-4220-4BFA-97C3-B68356BE6A43}.AppStore|ARM.Deploy.0 = Release|Any CPU
		{A3CA3FBB-4220-4BFA-97C3-B68356BE6A43}.AppStore|iPhone.ActiveCfg = Release|Any CPU
		{A3CA3FBB-4220-4BFA-97C3-B68356BE6A43}.AppStore|iPhone.Build.0 = Release|Any CPU
		{A3CA3FBB-4220-4BFA-97C3-B68356BE6A43}.AppStore|iPhone.Deploy.0 = Release|Any CPU
		{A3CA3FBB-4220-4BFA-97C3-B68356BE6A43}.AppStore|iPhoneSimulator.ActiveCfg = Release|Any CPU
		{A3CA3FBB-4220-4BFA-97C3-B68356BE6A43}.AppStore|iPhoneSimulator.Build.0 = Release|Any CPU
		{A3CA3FBB-4220-4BFA-97C3-B68356BE6A43}.AppStore|iPhoneSimulator.Deploy.0 = Release|Any CPU
		{A3CA3FBB-4220-4BFA-97C3-B68356BE6A43}.AppStore|x64.ActiveCfg = Release|Any CPU
		{A3CA3FBB-4220-4BFA-97C3-B68356BE6A43}.AppStore|x64.Build.0 = Release|Any CPU
		{A3CA3FBB-4220-4BFA-97C3-B68356BE6A43}.AppStore|x64.Deploy.0 = Release|Any CPU
		{A3CA3FBB-4220-4BFA-97C3-B68356BE6A43}.AppStore|x86.ActiveCfg = Release|Any CPU
		{A3CA3FBB-4220-4BFA-97C3-B68356BE6A43}.AppStore|x86.Build.0 = Release|Any CPU
		{A3CA3FBB-4220-4BFA-97C3-B68356BE6A43}.AppStore|x86.Deploy.0 = Release|Any CPU
		{A3CA3FBB-4220-4BFA-97C3-B68356BE6A43}.Debug|Any CPU.ActiveCfg = Debug|Any CPU
		{A3CA3FBB-4220-4BFA-97C3-B68356BE6A43}.Debug|Any CPU.Build.0 = Debug|Any CPU
		{A3CA3FBB-4220-4BFA-97C3-B68356BE6A43}.Debug|Any CPU.Deploy.0 = Debug|Any CPU
		{A3CA3FBB-4220-4BFA-97C3-B68356BE6A43}.Debug|ARM.ActiveCfg = Debug|Any CPU
		{A3CA3FBB-4220-4BFA-97C3-B68356BE6A43}.Debug|ARM.Build.0 = Debug|Any CPU
		{A3CA3FBB-4220-4BFA-97C3-B68356BE6A43}.Debug|ARM.Deploy.0 = Debug|Any CPU
		{A3CA3FBB-4220-4BFA-97C3-B68356BE6A43}.Debug|iPhone.ActiveCfg = Debug|Any CPU
		{A3CA3FBB-4220-4BFA-97C3-B68356BE6A43}.Debug|iPhone.Build.0 = Debug|Any CPU
		{A3CA3FBB-4220-4BFA-97C3-B68356BE6A43}.Debug|iPhone.Deploy.0 = Debug|Any CPU
		{A3CA3FBB-4220-4BFA-97C3-B68356BE6A43}.Debug|iPhoneSimulator.ActiveCfg = Debug|Any CPU
		{A3CA3FBB-4220-4BFA-97C3-B68356BE6A43}.Debug|iPhoneSimulator.Build.0 = Debug|Any CPU
		{A3CA3FBB-4220-4BFA-97C3-B68356BE6A43}.Debug|iPhoneSimulator.Deploy.0 = Debug|Any CPU
		{A3CA3FBB-4220-4BFA-97C3-B68356BE6A43}.Debug|x64.ActiveCfg = Debug|Any CPU
		{A3CA3FBB-4220-4BFA-97C3-B68356BE6A43}.Debug|x64.Build.0 = Debug|Any CPU
		{A3CA3FBB-4220-4BFA-97C3-B68356BE6A43}.Debug|x64.Deploy.0 = Debug|Any CPU
		{A3CA3FBB-4220-4BFA-97C3-B68356BE6A43}.Debug|x86.ActiveCfg = Debug|Any CPU
		{A3CA3FBB-4220-4BFA-97C3-B68356BE6A43}.Debug|x86.Build.0 = Debug|Any CPU
		{A3CA3FBB-4220-4BFA-97C3-B68356BE6A43}.Debug|x86.Deploy.0 = Debug|Any CPU
		{A3CA3FBB-4220-4BFA-97C3-B68356BE6A43}.Release|Any CPU.ActiveCfg = Release|Any CPU
		{A3CA3FBB-4220-4BFA-97C3-B68356BE6A43}.Release|Any CPU.Build.0 = Release|Any CPU
		{A3CA3FBB-4220-4BFA-97C3-B68356BE6A43}.Release|Any CPU.Deploy.0 = Release|Any CPU
		{A3CA3FBB-4220-4BFA-97C3-B68356BE6A43}.Release|ARM.ActiveCfg = Release|Any CPU
		{A3CA3FBB-4220-4BFA-97C3-B68356BE6A43}.Release|ARM.Build.0 = Release|Any CPU
		{A3CA3FBB-4220-4BFA-97C3-B68356BE6A43}.Release|ARM.Deploy.0 = Release|Any CPU
		{A3CA3FBB-4220-4BFA-97C3-B68356BE6A43}.Release|iPhone.ActiveCfg = Release|Any CPU
		{A3CA3FBB-4220-4BFA-97C3-B68356BE6A43}.Release|iPhone.Build.0 = Release|Any CPU
		{A3CA3FBB-4220-4BFA-97C3-B68356BE6A43}.Release|iPhone.Deploy.0 = Release|Any CPU
		{A3CA3FBB-4220-4BFA-97C3-B68356BE6A43}.Release|iPhoneSimulator.ActiveCfg = Release|Any CPU
		{A3CA3FBB-4220-4BFA-97C3-B68356BE6A43}.Release|iPhoneSimulator.Build.0 = Release|Any CPU
		{A3CA3FBB-4220-4BFA-97C3-B68356BE6A43}.Release|iPhoneSimulator.Deploy.0 = Release|Any CPU
		{A3CA3FBB-4220-4BFA-97C3-B68356BE6A43}.Release|x64.ActiveCfg = Release|Any CPU
		{A3CA3FBB-4220-4BFA-97C3-B68356BE6A43}.Release|x64.Build.0 = Release|Any CPU
		{A3CA3FBB-4220-4BFA-97C3-B68356BE6A43}.Release|x64.Deploy.0 = Release|Any CPU
		{A3CA3FBB-4220-4BFA-97C3-B68356BE6A43}.Release|x86.ActiveCfg = Release|Any CPU
		{A3CA3FBB-4220-4BFA-97C3-B68356BE6A43}.Release|x86.Build.0 = Release|Any CPU
		{A3CA3FBB-4220-4BFA-97C3-B68356BE6A43}.Release|x86.Deploy.0 = Release|Any CPU
		{6F40ADAA-A1DB-48B1-854C-BC7053C80EDA}.Ad-Hoc|Any CPU.ActiveCfg = Release|Any CPU
		{6F40ADAA-A1DB-48B1-854C-BC7053C80EDA}.Ad-Hoc|Any CPU.Build.0 = Release|Any CPU
		{6F40ADAA-A1DB-48B1-854C-BC7053C80EDA}.Ad-Hoc|ARM.ActiveCfg = Release|Any CPU
		{6F40ADAA-A1DB-48B1-854C-BC7053C80EDA}.Ad-Hoc|ARM.Build.0 = Release|Any CPU
		{6F40ADAA-A1DB-48B1-854C-BC7053C80EDA}.Ad-Hoc|iPhone.ActiveCfg = Release|Any CPU
		{6F40ADAA-A1DB-48B1-854C-BC7053C80EDA}.Ad-Hoc|iPhone.Build.0 = Release|Any CPU
		{6F40ADAA-A1DB-48B1-854C-BC7053C80EDA}.Ad-Hoc|iPhoneSimulator.ActiveCfg = Release|Any CPU
		{6F40ADAA-A1DB-48B1-854C-BC7053C80EDA}.Ad-Hoc|iPhoneSimulator.Build.0 = Release|Any CPU
		{6F40ADAA-A1DB-48B1-854C-BC7053C80EDA}.Ad-Hoc|x64.ActiveCfg = Release|Any CPU
		{6F40ADAA-A1DB-48B1-854C-BC7053C80EDA}.Ad-Hoc|x64.Build.0 = Release|Any CPU
		{6F40ADAA-A1DB-48B1-854C-BC7053C80EDA}.Ad-Hoc|x86.ActiveCfg = Release|Any CPU
		{6F40ADAA-A1DB-48B1-854C-BC7053C80EDA}.Ad-Hoc|x86.Build.0 = Release|Any CPU
		{6F40ADAA-A1DB-48B1-854C-BC7053C80EDA}.AppStore|Any CPU.ActiveCfg = Release|Any CPU
		{6F40ADAA-A1DB-48B1-854C-BC7053C80EDA}.AppStore|Any CPU.Build.0 = Release|Any CPU
		{6F40ADAA-A1DB-48B1-854C-BC7053C80EDA}.AppStore|ARM.ActiveCfg = Release|Any CPU
		{6F40ADAA-A1DB-48B1-854C-BC7053C80EDA}.AppStore|ARM.Build.0 = Release|Any CPU
		{6F40ADAA-A1DB-48B1-854C-BC7053C80EDA}.AppStore|iPhone.ActiveCfg = Release|Any CPU
		{6F40ADAA-A1DB-48B1-854C-BC7053C80EDA}.AppStore|iPhone.Build.0 = Release|Any CPU
		{6F40ADAA-A1DB-48B1-854C-BC7053C80EDA}.AppStore|iPhoneSimulator.ActiveCfg = Release|Any CPU
		{6F40ADAA-A1DB-48B1-854C-BC7053C80EDA}.AppStore|iPhoneSimulator.Build.0 = Release|Any CPU
		{6F40ADAA-A1DB-48B1-854C-BC7053C80EDA}.AppStore|x64.ActiveCfg = Release|Any CPU
		{6F40ADAA-A1DB-48B1-854C-BC7053C80EDA}.AppStore|x64.Build.0 = Release|Any CPU
		{6F40ADAA-A1DB-48B1-854C-BC7053C80EDA}.AppStore|x86.ActiveCfg = Release|Any CPU
		{6F40ADAA-A1DB-48B1-854C-BC7053C80EDA}.AppStore|x86.Build.0 = Release|Any CPU
		{6F40ADAA-A1DB-48B1-854C-BC7053C80EDA}.Debug|Any CPU.ActiveCfg = Debug|Any CPU
		{6F40ADAA-A1DB-48B1-854C-BC7053C80EDA}.Debug|Any CPU.Build.0 = Debug|Any CPU
		{6F40ADAA-A1DB-48B1-854C-BC7053C80EDA}.Debug|ARM.ActiveCfg = Debug|Any CPU
		{6F40ADAA-A1DB-48B1-854C-BC7053C80EDA}.Debug|ARM.Build.0 = Debug|Any CPU
		{6F40ADAA-A1DB-48B1-854C-BC7053C80EDA}.Debug|iPhone.ActiveCfg = Debug|Any CPU
		{6F40ADAA-A1DB-48B1-854C-BC7053C80EDA}.Debug|iPhone.Build.0 = Debug|Any CPU
		{6F40ADAA-A1DB-48B1-854C-BC7053C80EDA}.Debug|iPhoneSimulator.ActiveCfg = Debug|Any CPU
		{6F40ADAA-A1DB-48B1-854C-BC7053C80EDA}.Debug|iPhoneSimulator.Build.0 = Debug|Any CPU
		{6F40ADAA-A1DB-48B1-854C-BC7053C80EDA}.Debug|x64.ActiveCfg = Debug|Any CPU
		{6F40ADAA-A1DB-48B1-854C-BC7053C80EDA}.Debug|x64.Build.0 = Debug|Any CPU
		{6F40ADAA-A1DB-48B1-854C-BC7053C80EDA}.Debug|x86.ActiveCfg = Debug|Any CPU
		{6F40ADAA-A1DB-48B1-854C-BC7053C80EDA}.Debug|x86.Build.0 = Debug|Any CPU
		{6F40ADAA-A1DB-48B1-854C-BC7053C80EDA}.Release|Any CPU.ActiveCfg = Release|Any CPU
		{6F40ADAA-A1DB-48B1-854C-BC7053C80EDA}.Release|Any CPU.Build.0 = Release|Any CPU
		{6F40ADAA-A1DB-48B1-854C-BC7053C80EDA}.Release|ARM.ActiveCfg = Release|Any CPU
		{6F40ADAA-A1DB-48B1-854C-BC7053C80EDA}.Release|ARM.Build.0 = Release|Any CPU
		{6F40ADAA-A1DB-48B1-854C-BC7053C80EDA}.Release|iPhone.ActiveCfg = Release|Any CPU
		{6F40ADAA-A1DB-48B1-854C-BC7053C80EDA}.Release|iPhone.Build.0 = Release|Any CPU
		{6F40ADAA-A1DB-48B1-854C-BC7053C80EDA}.Release|iPhoneSimulator.ActiveCfg = Release|Any CPU
		{6F40ADAA-A1DB-48B1-854C-BC7053C80EDA}.Release|iPhoneSimulator.Build.0 = Release|Any CPU
		{6F40ADAA-A1DB-48B1-854C-BC7053C80EDA}.Release|x64.ActiveCfg = Release|Any CPU
		{6F40ADAA-A1DB-48B1-854C-BC7053C80EDA}.Release|x64.Build.0 = Release|Any CPU
		{6F40ADAA-A1DB-48B1-854C-BC7053C80EDA}.Release|x86.ActiveCfg = Release|Any CPU
		{6F40ADAA-A1DB-48B1-854C-BC7053C80EDA}.Release|x86.Build.0 = Release|Any CPU
		{F3DEB5E8-F68B-4BCB-9219-172D0A3EBC1F}.Ad-Hoc|Any CPU.ActiveCfg = Ad-Hoc|iPhone
		{F3DEB5E8-F68B-4BCB-9219-172D0A3EBC1F}.Ad-Hoc|ARM.ActiveCfg = Ad-Hoc|iPhone
		{F3DEB5E8-F68B-4BCB-9219-172D0A3EBC1F}.Ad-Hoc|iPhone.ActiveCfg = Ad-Hoc|iPhone
		{F3DEB5E8-F68B-4BCB-9219-172D0A3EBC1F}.Ad-Hoc|iPhone.Build.0 = Ad-Hoc|iPhone
		{F3DEB5E8-F68B-4BCB-9219-172D0A3EBC1F}.Ad-Hoc|iPhoneSimulator.ActiveCfg = Ad-Hoc|iPhoneSimulator
		{F3DEB5E8-F68B-4BCB-9219-172D0A3EBC1F}.Ad-Hoc|iPhoneSimulator.Build.0 = Ad-Hoc|iPhoneSimulator
		{F3DEB5E8-F68B-4BCB-9219-172D0A3EBC1F}.Ad-Hoc|x64.ActiveCfg = Ad-Hoc|iPhone
		{F3DEB5E8-F68B-4BCB-9219-172D0A3EBC1F}.Ad-Hoc|x86.ActiveCfg = Ad-Hoc|iPhone
		{F3DEB5E8-F68B-4BCB-9219-172D0A3EBC1F}.AppStore|Any CPU.ActiveCfg = AppStore|iPhone
		{F3DEB5E8-F68B-4BCB-9219-172D0A3EBC1F}.AppStore|ARM.ActiveCfg = AppStore|iPhone
		{F3DEB5E8-F68B-4BCB-9219-172D0A3EBC1F}.AppStore|iPhone.ActiveCfg = AppStore|iPhone
		{F3DEB5E8-F68B-4BCB-9219-172D0A3EBC1F}.AppStore|iPhone.Build.0 = AppStore|iPhone
		{F3DEB5E8-F68B-4BCB-9219-172D0A3EBC1F}.AppStore|iPhoneSimulator.ActiveCfg = AppStore|iPhoneSimulator
		{F3DEB5E8-F68B-4BCB-9219-172D0A3EBC1F}.AppStore|iPhoneSimulator.Build.0 = AppStore|iPhoneSimulator
		{F3DEB5E8-F68B-4BCB-9219-172D0A3EBC1F}.AppStore|x64.ActiveCfg = AppStore|iPhone
		{F3DEB5E8-F68B-4BCB-9219-172D0A3EBC1F}.AppStore|x86.ActiveCfg = AppStore|iPhone
		{F3DEB5E8-F68B-4BCB-9219-172D0A3EBC1F}.Debug|Any CPU.ActiveCfg = Debug|iPhone
		{F3DEB5E8-F68B-4BCB-9219-172D0A3EBC1F}.Debug|ARM.ActiveCfg = Debug|iPhone
		{F3DEB5E8-F68B-4BCB-9219-172D0A3EBC1F}.Debug|iPhone.ActiveCfg = Debug|iPhone
		{F3DEB5E8-F68B-4BCB-9219-172D0A3EBC1F}.Debug|iPhone.Build.0 = Debug|iPhone
		{F3DEB5E8-F68B-4BCB-9219-172D0A3EBC1F}.Debug|iPhoneSimulator.ActiveCfg = Debug|iPhoneSimulator
		{F3DEB5E8-F68B-4BCB-9219-172D0A3EBC1F}.Debug|iPhoneSimulator.Build.0 = Debug|iPhoneSimulator
		{F3DEB5E8-F68B-4BCB-9219-172D0A3EBC1F}.Debug|x64.ActiveCfg = Debug|iPhone
		{F3DEB5E8-F68B-4BCB-9219-172D0A3EBC1F}.Debug|x86.ActiveCfg = Debug|iPhone
		{F3DEB5E8-F68B-4BCB-9219-172D0A3EBC1F}.Release|Any CPU.ActiveCfg = Release|iPhone
		{F3DEB5E8-F68B-4BCB-9219-172D0A3EBC1F}.Release|ARM.ActiveCfg = Release|iPhone
		{F3DEB5E8-F68B-4BCB-9219-172D0A3EBC1F}.Release|iPhone.ActiveCfg = Release|iPhone
		{F3DEB5E8-F68B-4BCB-9219-172D0A3EBC1F}.Release|iPhone.Build.0 = Release|iPhone
		{F3DEB5E8-F68B-4BCB-9219-172D0A3EBC1F}.Release|iPhoneSimulator.ActiveCfg = Release|iPhoneSimulator
		{F3DEB5E8-F68B-4BCB-9219-172D0A3EBC1F}.Release|iPhoneSimulator.Build.0 = Release|iPhoneSimulator
		{F3DEB5E8-F68B-4BCB-9219-172D0A3EBC1F}.Release|x64.ActiveCfg = Release|iPhone
		{F3DEB5E8-F68B-4BCB-9219-172D0A3EBC1F}.Release|x86.ActiveCfg = Release|iPhone
	EndGlobalSection
	GlobalSection(SolutionProperties) = preSolution
		HideSolutionNode = FALSE
	EndGlobalSection
EndGlobal
